
Microsoft Visual Studio Solution File, Format Version 12.00
# Visual Studio Version 17
VisualStudioVersion = 17.1.32421.90
MinimumVisualStudioVersion = 10.0.40219.1
Project("{FAE04EC0-301F-11D3-BF4B-00C04F79EFBC}") = "firstWeb", "firstWeb\firstWeb.csproj", "{671B88C9-6549-42BB-95EA-9F1BAB550FD6}"
EndProject
Global
	GlobalSection(SolutionConfigurationPlatforms) = preSolution
		Debug|Any CPU = Debug|Any CPU
		Release|Any CPU = Release|Any CPU
	EndGlobalSection
	GlobalSection(ProjectConfigurationPlatforms) = postSolution
		{671B88C9-6549-42BB-95EA-9F1BAB550FD6}.Debug|Any CPU.ActiveCfg = Debug|Any CPU
		{671B88C9-6549-42BB-95EA-9F1BAB550FD6}.Debug|Any CPU.Build.0 = Debug|Any CPU
		{671B88C9-6549-42BB-95EA-9F1BAB550FD6}.Release|Any CPU.ActiveCfg = Release|Any CPU
		{671B88C9-6549-42BB-95EA-9F1BAB550FD6}.Release|Any CPU.Build.0 = Release|Any CPU
	EndGlobalSection
	GlobalSection(SolutionProperties) = preSolution
		HideSolutionNode = FALSE
	EndGlobalSection
	GlobalSection(ExtensibilityGlobals) = postSolution
		SolutionGuid = {E557F7D7-6919-4043-90C2-501EB281C51D}
	EndGlobalSection
EndGlobal
